
Microsoft Visual Studio Solution File, Format Version 12.00
# Visual Studio 15
VisualStudioVersion = 15.0.28010.2041
MinimumVisualStudioVersion = 10.0.40219.1
Project("{8BC9CEB8-8B4A-11D0-8D11-00A0C91BC942}") = "OSURestart", "OSURestart\OSURestart.vcxproj", "{7A5BCCCC-9BC3-4187-B65C-645A558B9140}"
EndProject
Global
	GlobalSection(SolutionConfigurationPlatforms) = preSolution
		Debug|x64 = Debug|x64
		Debug|x86 = Debug|x86
		Release|x64 = Release|x64
		Release|x86 = Release|x86
	EndGlobalSection
	GlobalSection(ProjectConfigurationPlatforms) = postSolution
		{7A5BCCCC-9BC3-4187-B65C-645A558B9140}.Debug|x64.ActiveCfg = Debug|x64
		{7A5BCCCC-9BC3-4187-B65C-645A558B9140}.Debug|x64.Build.0 = Debug|x64
		{7A5BCCCC-9BC3-4187-B65C-645A558B9140}.Debug|x86.ActiveCfg = Debug|Win32
		{7A5BCCCC-9BC3-4187-B65C-645A558B9140}.Debug|x86.Build.0 = Debug|Win32
		{7A5BCCCC-9BC3-4187-B65C-645A558B9140}.Release|x64.ActiveCfg = Release|x64
		{7A5BCCCC-9BC3-4187-B65C-645A558B9140}.Release|x64.Build.0 = Release|x64
		{7A5BCCCC-9BC3-4187-B65C-645A558B9140}.Release|x86.ActiveCfg = Release|Win32
		{7A5BCCCC-9BC3-4187-B65C-645A558B9140}.Release|x86.Build.0 = Release|Win32
	EndGlobalSection
	GlobalSection(SolutionProperties) = preSolution
		HideSolutionNode = FALSE
	EndGlobalSection
	GlobalSection(ExtensibilityGlobals) = postSolution
		SolutionGuid = {193CAEFB-0CDB-4364-BA59-D6CFEADD8683}
	EndGlobalSection
EndGlobal
